
Microsoft Visual Studio Solution File, Format Version 12.00
# Visual Studio Version 16
VisualStudioVersion = 16.0.30114.105
MinimumVisualStudioVersion = 10.0.40219.1
Project("{FAE04EC0-301F-11D3-BF4B-00C04F79EFBC}") = "KnowledgeJournies.Catalog", "KnowledgeJournies.Catalog\KnowledgeJournies.Catalog.csproj", "{30A3E207-DA36-43A4-8583-EA2BD9F0604E}"
EndProject
Project("{FAE04EC0-301F-11D3-BF4B-00C04F79EFBC}") = "KnowledgeJournies.DataLoader", "KnowledgeJournies.DataLoader\KnowledgeJournies.DataLoader.csproj", "{C99A752E-6657-42E9-B568-F08F904D27A0}"
EndProject
Global
	GlobalSection(SolutionConfigurationPlatforms) = preSolution
		Debug|Any CPU = Debug|Any CPU
		Release|Any CPU = Release|Any CPU
	EndGlobalSection
	GlobalSection(SolutionProperties) = preSolution
		HideSolutionNode = FALSE
	EndGlobalSection
	GlobalSection(ProjectConfigurationPlatforms) = postSolution
		{30A3E207-DA36-43A4-8583-EA2BD9F0604E}.Debug|Any CPU.ActiveCfg = Debug|Any CPU
		{30A3E207-DA36-43A4-8583-EA2BD9F0604E}.Debug|Any CPU.Build.0 = Debug|Any CPU
		{30A3E207-DA36-43A4-8583-EA2BD9F0604E}.Release|Any CPU.ActiveCfg = Release|Any CPU
		{30A3E207-DA36-43A4-8583-EA2BD9F0604E}.Release|Any CPU.Build.0 = Release|Any CPU
		{C99A752E-6657-42E9-B568-F08F904D27A0}.Debug|Any CPU.ActiveCfg = Debug|Any CPU
		{C99A752E-6657-42E9-B568-F08F904D27A0}.Debug|Any CPU.Build.0 = Debug|Any CPU
		{C99A752E-6657-42E9-B568-F08F904D27A0}.Release|Any CPU.ActiveCfg = Release|Any CPU
		{C99A752E-6657-42E9-B568-F08F904D27A0}.Release|Any CPU.Build.0 = Release|Any CPU
	EndGlobalSection
EndGlobal
